PODS:
  - Alamofire (5.0.2)
  - KVKCalendar (0.2.7)
  - QRCodeReader.swift (10.1.0)

DEPENDENCIES:
  - Alamofire (~> 5.0)
  - KVKCalendar
  - QRCodeReader.swift

SPEC REPOS:
  trunk:
    - Alamofire
    - KVKCalendar
    - QRCodeReader.swift

SPEC CHECKSUMS:
  Alamofire: 3ba7a4db18b4f62c4a1c0e1cb39d7f3d52e10ada
  KVKCalendar: 9e9bd8e93eae15face4af2b571bcb222cb9ae521
  QRCodeReader.swift: 373a389fe9a22d513c879a32a6f647c58f4ef572

PODFILE CHECKSUM: 65b69dc28373ba127f59c9bf0fc6e7f446df6892

COCOAPODS: 1.9.0
